
Microsoft Visual Studio Solution File, Format Version 12.00
# Visual Studio Version 16
VisualStudioVersion = 16.0.31025.194
MinimumVisualStudioVersion = 10.0.40219.1
Project("{FAE04EC0-301F-11D3-BF4B-00C04F79EFBC}") = "ImageFileResizer", "ImagFileResizer\ImageFileResizer.csproj", "{57EA7084-A288-47BD-8E51-3D7BC0FFA548}"
EndProject
Global
	GlobalSection(SolutionConfigurationPlatforms) = preSolution
		Debug|Any CPU = Debug|Any CPU
		Release|Any CPU = Release|Any CPU
	EndGlobalSection
	GlobalSection(ProjectConfigurationPlatforms) = postSolution
		{57EA7084-A288-47BD-8E51-3D7BC0FFA548}.Debug|Any CPU.ActiveCfg = Debug|Any CPU
		{57EA7084-A288-47BD-8E51-3D7BC0FFA548}.Debug|Any CPU.Build.0 = Debug|Any CPU
		{57EA7084-A288-47BD-8E51-3D7BC0FFA548}.Release|Any CPU.ActiveCfg = Release|Any CPU
		{57EA7084-A288-47BD-8E51-3D7BC0FFA548}.Release|Any CPU.Build.0 = Release|Any CPU
	EndGlobalSection
	GlobalSection(SolutionProperties) = preSolution
		HideSolutionNode = FALSE
	EndGlobalSection
	GlobalSection(ExtensibilityGlobals) = postSolution
		SolutionGuid = {B475842E-D64F-46DF-9E01-1F940A227CB7}
	EndGlobalSection
EndGlobal
